// !$*UTF8*$!
{
	archiveVersion = 1;
	classes = {
	};
	objectVersion = 46;
	objects = {

/* Begin PBXBuildFile section */
		E1F558C31C9B20070035F88B /* FilterEditor.cpp in Sources */ = {isa = PBXBuildFile; fileRef = E1F558AC1C9B20070035F88B /* FilterEditor.cpp */; };
		E1F558C41C9B20070035F88B /* FilterNode.cpp in Sources */ = {isa = PBXBuildFile; fileRef = E1F558AE1C9B20070035F88B /* FilterNode.cpp */; };
		E1F558C61C9B20070035F88B /* OpenEphysLib.cpp in Sources */ = {isa = PBXBuildFile; fileRef = E1F558B11C9B20070035F88B /* OpenEphysLib.cpp */; };
/* End PBXBuildFile section */

/* Begin PBXFileReference section */
		E1F558751C9B1F920035F88B /* FilterNode.bundle */ = {isa = PBXFileReference; explicitFileType = wrapper.cfbundle; includeInIndex = 0; path = FilterNode.bundle; sourceTree = BUILT_PRODUCTS_DIR; };
		E1F558781C9B1F920035F88B /* Info.plist */ = {isa = PBXFileReference; lastKnownFileType = text.plist.xml; path = Info.plist; sourceTree = "<group>"; };
		E1F558801C9B1FDC0035F88B /* Plugin_Debug.xcconfig */ = {isa = PBXFileReference; lastKnownFileType = text.xcconfig; path = Plugin_Debug.xcconfig; sourceTree = "<group>"; };
		E1F558811C9B1FDC0035F88B /* Plugin_Release.xcconfig */ = {isa = PBXFileReference; lastKnownFileType = text.xcconfig; path = Plugin_Release.xcconfig; sourceTree = "<group>"; };
		E1F558AC1C9B20070035F88B /* FilterEditor.cpp */ = {isa = PBXFileReference; fileEncoding = 4; lastKnownFileType = sourcecode.cpp.cpp; path = FilterEditor.cpp; sourceTree = "<group>"; };
		E1F558AD1C9B20070035F88B /* FilterEditor.h */ = {isa = PBXFileReference; fileEncoding = 4; lastKnownFileType = sourcecode.c.h; path = FilterEditor.h; sourceTree = "<group>"; };
		E1F558AE1C9B20070035F88B /* FilterNode.cpp */ = {isa = PBXFileReference; fileEncoding = 4; lastKnownFileType = sourcecode.cpp.cpp; path = FilterNode.cpp; sourceTree = "<group>"; };
		E1F558AF1C9B20070035F88B /* FilterNode.h */ = {isa = PBXFileReference; fileEncoding = 4; lastKnownFileType = sourcecode.c.h; path = FilterNode.h; sourceTree = "<group>"; };
		E1F558B11C9B20070035F88B /* OpenEphysLib.cpp */ = {isa = PBXFileReference; fileEncoding = 4; lastKnownFileType = sourcecode.cpp.cpp; path = OpenEphysLib.cpp; sourceTree = "<group>"; };
/* End PBXFileReference section */

/* Begin PBXFrameworksBuildPhase section */
		E1F558721C9B1F920035F88B /* Frameworks */ = {
			isa = PBXFrameworksBuildPhase;
			buildActionMask = 2147483647;
			files = (
			);
			runOnlyForDeploymentPostprocessing = 0;
		};
/* End PBXFrameworksBuildPhase section */

/* Begin PBXGroup section */
		E1F5586C1C9B1F920035F88B = {
			isa = PBXGroup;
			children = (
				E1F5587E1C9B1FDC0035F88B /* Config */,
				E1F558771C9B1F920035F88B /* FilterNode */,
				E1F558761C9B1F920035F88B /* Products */,
			);
			sourceTree = "<group>";
		};
		E1F558761C9B1F920035F88B /* Products */ = {
			isa = PBXGroup;
			children = (
				E1F558751C9B1F920035F88B /* FilterNode.bundle */,
			);
			name = Products;
			sourceTree = "<group>";
		};
		E1F558771C9B1F920035F88B /* FilterNode */ = {
			isa = PBXGroup;
			children = (
				E1F558821C9B20070035F88B /* Source */,
				E1F558781C9B1F920035F88B /* Info.plist */,
			);
			path = FilterNode;
			sourceTree = "<group>";
		};
		E1F5587E1C9B1FDC0035F88B /* Config */ = {
			isa = PBXGroup;
			children = (
				E1F558801C9B1FDC0035F88B /* Plugin_Debug.xcconfig */,
				E1F558811C9B1FDC0035F88B /* Plugin_Release.xcconfig */,
			);
			name = Config;
			path = ../Config;
			sourceTree = "<group>";
		};
		E1F558821C9B20070035F88B /* Source */ = {
			isa = PBXGroup;
			children = (
				E1F558AD1C9B20070035F88B /* FilterEditor.h */,
				E1F558AC1C9B20070035F88B /* FilterEditor.cpp */,
				E1F558AF1C9B20070035F88B /* FilterNode.h */,
				E1F558AE1C9B20070035F88B /* FilterNode.cpp */,
				E1F558B11C9B20070035F88B /* OpenEphysLib.cpp */,
			);
			name = Source;
			path = ../../../../../Source/Plugins/FilterNode;
			sourceTree = "<group>";
		};
/* End PBXGroup section */

/* Begin PBXNativeTarget section */
		E1F558741C9B1F920035F88B /* FilterNode */ = {
			isa = PBXNativeTarget;
			buildConfigurationList = E1F5587B1C9B1F920035F88B /* Build configuration list for PBXNativeTarget "FilterNode" */;
			buildPhases = (
				E1F558711C9B1F920035F88B /* Sources */,
				E1F558721C9B1F920035F88B /* Frameworks */,
				E1F558731C9B1F920035F88B /* Resources */,
			);
			buildRules = (
			);
			dependencies = (
			);
			name = FilterNode;
			productName = FilterNode;
			productReference = E1F558751C9B1F920035F88B /* FilterNode.bundle */;
			productType = "com.apple.product-type.bundle";
		};
/* End PBXNativeTarget section */

/* Begin PBXProject section */
		E1F5586D1C9B1F920035F88B /* Project object */ = {
			isa = PBXProject;
			attributes = {
				LastUpgradeCheck = 0720;
				ORGANIZATIONNAME = "Open Ephys";
				TargetAttributes = {
					E1F558741C9B1F920035F88B = {
						CreatedOnToolsVersion = 7.2.1;
					};
				};
			};
			buildConfigurationList = E1F558701C9B1F920035F88B /* Build configuration list for PBXProject "FilterNode" */;
			compatibilityVersion = "Xcode 3.2";
			developmentRegion = English;
			hasScannedForEncodings = 0;
			knownRegions = (
				en,
			);
			mainGroup = E1F5586C1C9B1F920035F88B;
			productRefGroup = E1F558761C9B1F920035F88B /* Products */;
			projectDirPath = "";
			projectRoot = "";
			targets = (
				E1F558741C9B1F920035F88B /* FilterNode */,
			);
		};
/* End PBXProject section */

/* Begin PBXResourcesBuildPhase section */
		E1F558731C9B1F920035F88B /* Resources */ = {
			isa = PBXResourcesBuildPhase;
			buildActionMask = 2147483647;
			files = (
			);
			runOnlyForDeploymentPostprocessing = 0;
		};
/* End PBXResourcesBuildPhase section */

/* Begin PBXSourcesBuildPhase section */
		E1F558711C9B1F920035F88B /* Sources */ = {
			isa = PBXSourcesBuildPhase;
			buildActionMask = 2147483647;
			files = (
				E1F558C41C9B20070035F88B /* FilterNode.cpp in Sources */,
				E1F558C31C9B20070035F88B /* FilterEditor.cpp in Sources */,
				E1F558C61C9B20070035F88B /* OpenEphysLib.cpp in Sources */,
			);
			runOnlyForDeploymentPostprocessing = 0;
		};
/* End PBXSourcesBuildPhase section */

/* Begin XCBuildConfiguration section */
		E1F558791C9B1F920035F88B /* Debug */ = {
			isa = XCBuildConfiguration;
			baseConfigurationReference = E1F558801C9B1FDC0035F88B /* Plugin_Debug.xcconfig */;
			buildSettings = {
			};
			name = Debug;
		};
		E1F5587A1C9B1F920035F88B /* Release */ = {
			isa = XCBuildConfiguration;
			baseConfigurationReference = E1F558811C9B1FDC0035F88B /* Plugin_Release.xcconfig */;
			buildSettings = {
			};
			name = Release;
		};
		E1F5587C1C9B1F920035F88B /* Debug */ = {
			isa = XCBuildConfiguration;
			buildSettings = {
				INFOPLIST_FILE = FilterNode/Info.plist;
				PRODUCT_BUNDLE_IDENTIFIER = "org.open-ephys.gui.plugin.FilterNode";
				PRODUCT_NAME = "$(TARGET_NAME)";
			};
			name = Debug;
		};
		E1F5587D1C9B1F920035F88B /* Release */ = {
			isa = XCBuildConfiguration;
			buildSettings = {
				INFOPLIST_FILE = FilterNode/Info.plist;
				PRODUCT_BUNDLE_IDENTIFIER = "org.open-ephys.gui.plugin.FilterNode";
				PRODUCT_NAME = "$(TARGET_NAME)";
			};
			name = Release;
		};
/* End XCBuildConfiguration section */

/* Begin XCConfigurationList section */
		E1F558701C9B1F920035F88B /* Build configuration list for PBXProject "FilterNode" */ = {
			isa = XCConfigurationList;
			buildConfigurations = (
				E1F558791C9B1F920035F88B /* Debug */,
				E1F5587A1C9B1F920035F88B /* Release */,
			);
			defaultConfigurationIsVisible = 0;
			defaultConfigurationName = Release;
		};
		E1F5587B1C9B1F920035F88B /* Build configuration list for PBXNativeTarget "FilterNode" */ = {
			isa = XCConfigurationList;
			buildConfigurations = (
				E1F5587C1C9B1F920035F88B /* Debug */,
				E1F5587D1C9B1F920035F88B /* Release */,
			);
			defaultConfigurationIsVisible = 0;
			defaultConfigurationName = Release;
		};
/* End XCConfigurationList section */
	};
	rootObject = E1F5586D1C9B1F920035F88B /* Project object */;
}
