<?xml version="1.0" encoding="utf-8"?>
<Project ToolsVersion="4.0" xmlns="http://schemas.microsoft.com/developer/msbuild/2003">
  <ItemGroup>
    <Filter Include="Source Files">
      <UniqueIdentifier>{ee9f4450-7161-40bd-8c1d-55b1a9902e23}</UniqueIdentifier>
    </Filter>
    <Filter Include="Source Files\RecordEngine">
      <UniqueIdentifier>{e73e20a9-9bda-4616-b452-6bd77e11a760}</UniqueIdentifier>
    </Filter>
    <Filter Include="Source Files\FileSource">
      <UniqueIdentifier>{b482ac46-41f1-4c54-95db-2388e2ecec73}</UniqueIdentifier>
    </Filter>
  </ItemGroup>
  <ItemGroup>
    <ClCompile Include="..\..\..\..\Source\Plugins\KWIKFormat\OpenEphysLib.cpp">
      <Filter>Source Files</Filter>
    </ClCompile>
    <ClCompile Include="..\..\..\..\Source\Plugins\KWIKFormat\FileSource\KwikFileSource.cpp">
      <Filter>Source Files\FileSource</Filter>
    </ClCompile>
    <ClCompile Include="..\..\..\..\Source\Plugins\KWIKFormat\RecordEngine\HDF5Recording.cpp">
      <Filter>Source Files\RecordEngine</Filter>
    </ClCompile>
    <ClCompile Include="..\..\..\..\Source\Plugins\KWIKFormat\RecordEngine\KWIKFormat.cpp">
      <Filter>Source Files\RecordEngine</Filter>
    </ClCompile>
  </ItemGroup>
  <ItemGroup>
    <ClInclude Include="..\..\..\..\Source\Plugins\KWIKFormat\FileSource\KwikFileSource.h">
      <Filter>Source Files\FileSource</Filter>
    </ClInclude>
    <ClInclude Include="..\..\..\..\Source\Plugins\KWIKFormat\RecordEngine\HDF5Recording.h">
      <Filter>Source Files\RecordEngine</Filter>
    </ClInclude>
    <ClInclude Include="..\..\..\..\Source\Plugins\KWIKFormat\RecordEngine\KWIKFormat.h">
      <Filter>Source Files\RecordEngine</Filter>
    </ClInclude>
  </ItemGroup>
</Project>