// !$*UTF8*$!
{
	archiveVersion = 1;
	classes = {
	};
	objectVersion = 46;
	objects = {

/* Begin PBXBuildFile section */
		E1F558E81C9B23AB0035F88B /* KwikFileSource.cpp in Sources */ = {isa = PBXBuildFile; fileRef = E1F558DF1C9B23AB0035F88B /* KwikFileSource.cpp */; };
		E1F558EA1C9B23AB0035F88B /* OpenEphysLib.cpp in Sources */ = {isa = PBXBuildFile; fileRef = E1F558E21C9B23AB0035F88B /* OpenEphysLib.cpp */; };
		E1F558EB1C9B23AB0035F88B /* KWIKFormat.cpp in Sources */ = {isa = PBXBuildFile; fileRef = E1F558E41C9B23AB0035F88B /* KWIKFormat.cpp */; };
		E1F558EC1C9B23AB0035F88B /* HDF5Recording.cpp in Sources */ = {isa = PBXBuildFile; fileRef = E1F558E61C9B23AB0035F88B /* HDF5Recording.cpp */; };
		E1F91DD51DBE5D4900FF13EA /* libOpenEphysHDF5.dylib in Frameworks */ = {isa = PBXBuildFile; fileRef = E1F91DD41DBE5D4900FF13EA /* libOpenEphysHDF5.dylib */; };
/* End PBXBuildFile section */

/* Begin PBXFileReference section */
		E1F558D01C9B23370035F88B /* KWIKFormat.bundle */ = {isa = PBXFileReference; explicitFileType = wrapper.cfbundle; includeInIndex = 0; path = KWIKFormat.bundle; sourceTree = BUILT_PRODUCTS_DIR; };
		E1F558D31C9B23370035F88B /* Info.plist */ = {isa = PBXFileReference; lastKnownFileType = text.plist.xml; path = Info.plist; sourceTree = "<group>"; };
		E1F558DB1C9B23830035F88B /* Plugin_Debug.xcconfig */ = {isa = PBXFileReference; lastKnownFileType = text.xcconfig; path = Plugin_Debug.xcconfig; sourceTree = "<group>"; };
		E1F558DC1C9B23830035F88B /* Plugin_Release.xcconfig */ = {isa = PBXFileReference; lastKnownFileType = text.xcconfig; path = Plugin_Release.xcconfig; sourceTree = "<group>"; };
		E1F558DF1C9B23AB0035F88B /* KwikFileSource.cpp */ = {isa = PBXFileReference; fileEncoding = 4; lastKnownFileType = sourcecode.cpp.cpp; path = KwikFileSource.cpp; sourceTree = "<group>"; };
		E1F558E01C9B23AB0035F88B /* KwikFileSource.h */ = {isa = PBXFileReference; fileEncoding = 4; lastKnownFileType = sourcecode.c.h; path = KwikFileSource.h; sourceTree = "<group>"; };
		E1F558E21C9B23AB0035F88B /* OpenEphysLib.cpp */ = {isa = PBXFileReference; fileEncoding = 4; lastKnownFileType = sourcecode.cpp.cpp; path = OpenEphysLib.cpp; sourceTree = "<group>"; };
		E1F558E41C9B23AB0035F88B /* KWIKFormat.cpp */ = {isa = PBXFileReference; fileEncoding = 4; lastKnownFileType = sourcecode.cpp.cpp; path = KWIKFormat.cpp; sourceTree = "<group>"; };
		E1F558E51C9B23AB0035F88B /* KWIKFormat.h */ = {isa = PBXFileReference; fileEncoding = 4; lastKnownFileType = sourcecode.c.h; path = KWIKFormat.h; sourceTree = "<group>"; };
		E1F558E61C9B23AB0035F88B /* HDF5Recording.cpp */ = {isa = PBXFileReference; fileEncoding = 4; lastKnownFileType = sourcecode.cpp.cpp; path = HDF5Recording.cpp; sourceTree = "<group>"; };
		E1F558E71C9B23AB0035F88B /* HDF5Recording.h */ = {isa = PBXFileReference; fileEncoding = 4; lastKnownFileType = sourcecode.c.h; path = HDF5Recording.h; sourceTree = "<group>"; };
		E1F91DD41DBE5D4900FF13EA /* libOpenEphysHDF5.dylib */ = {isa = PBXFileReference; lastKnownFileType = "compiled.mach-o.dylib"; name = libOpenEphysHDF5.dylib; path = ../Frameworks/libOpenEphysHDF5.dylib; sourceTree = BUILT_PRODUCTS_DIR; };
/* End PBXFileReference section */

/* Begin PBXFrameworksBuildPhase section */
		E1F558CD1C9B23370035F88B /* Frameworks */ = {
			isa = PBXFrameworksBuildPhase;
			buildActionMask = 2147483647;
			files = (
				E1F91DD51DBE5D4900FF13EA /* libOpenEphysHDF5.dylib in Frameworks */,
			);
			runOnlyForDeploymentPostprocessing = 0;
		};
/* End PBXFrameworksBuildPhase section */

/* Begin PBXGroup section */
		E1F558C71C9B23370035F88B = {
			isa = PBXGroup;
			children = (
				E1F558D91C9B23830035F88B /* Config */,
				E1F558D21C9B23370035F88B /* KWIKFormat */,
				E1F91DD31DBE5D4900FF13EA /* Frameworks */,
				E1F558D11C9B23370035F88B /* Products */,
			);
			sourceTree = "<group>";
		};
		E1F558D11C9B23370035F88B /* Products */ = {
			isa = PBXGroup;
			children = (
				E1F558D01C9B23370035F88B /* KWIKFormat.bundle */,
			);
			name = Products;
			sourceTree = "<group>";
		};
		E1F558D21C9B23370035F88B /* KWIKFormat */ = {
			isa = PBXGroup;
			children = (
				E1F558DD1C9B23AB0035F88B /* Source */,
				E1F558D31C9B23370035F88B /* Info.plist */,
			);
			path = KWIKFormat;
			sourceTree = "<group>";
		};
		E1F558D91C9B23830035F88B /* Config */ = {
			isa = PBXGroup;
			children = (
				E1F558DB1C9B23830035F88B /* Plugin_Debug.xcconfig */,
				E1F558DC1C9B23830035F88B /* Plugin_Release.xcconfig */,
			);
			name = Config;
			path = ../Config;
			sourceTree = "<group>";
		};
		E1F558DD1C9B23AB0035F88B /* Source */ = {
			isa = PBXGroup;
			children = (
				E1F558DE1C9B23AB0035F88B /* FileSource */,
				E1F558E31C9B23AB0035F88B /* RecordEngine */,
				E1F558E21C9B23AB0035F88B /* OpenEphysLib.cpp */,
			);
			name = Source;
			path = ../../../../../Source/Plugins/KWIKFormat;
			sourceTree = "<group>";
		};
		E1F558DE1C9B23AB0035F88B /* FileSource */ = {
			isa = PBXGroup;
			children = (
				E1F558E01C9B23AB0035F88B /* KwikFileSource.h */,
				E1F558DF1C9B23AB0035F88B /* KwikFileSource.cpp */,
			);
			path = FileSource;
			sourceTree = "<group>";
		};
		E1F558E31C9B23AB0035F88B /* RecordEngine */ = {
			isa = PBXGroup;
			children = (
				E1F558E71C9B23AB0035F88B /* HDF5Recording.h */,
				E1F558E61C9B23AB0035F88B /* HDF5Recording.cpp */,
				E1F558E51C9B23AB0035F88B /* KWIKFormat.h */,
				E1F558E41C9B23AB0035F88B /* KWIKFormat.cpp */,
			);
			path = RecordEngine;
			sourceTree = "<group>";
		};
		E1F91DD31DBE5D4900FF13EA /* Frameworks */ = {
			isa = PBXGroup;
			children = (
				E1F91DD41DBE5D4900FF13EA /* libOpenEphysHDF5.dylib */,
			);
			name = Frameworks;
			sourceTree = "<group>";
		};
/* End PBXGroup section */

/* Begin PBXNativeTarget section */
		E1F558CF1C9B23370035F88B /* KWIKFormat */ = {
			isa = PBXNativeTarget;
			buildConfigurationList = E1F558D61C9B23370035F88B /* Build configuration list for PBXNativeTarget "KWIKFormat" */;
			buildPhases = (
				E1F558CC1C9B23370035F88B /* Sources */,
				E1F558CD1C9B23370035F88B /* Frameworks */,
				E1F558CE1C9B23370035F88B /* Resources */,
			);
			buildRules = (
			);
			dependencies = (
			);
			name = KWIKFormat;
			productName = KWIKFormat;
			productReference = E1F558D01C9B23370035F88B /* KWIKFormat.bundle */;
			productType = "com.apple.product-type.bundle";
		};
/* End PBXNativeTarget section */

/* Begin PBXProject section */
		E1F558C81C9B23370035F88B /* Project object */ = {
			isa = PBXProject;
			attributes = {
				LastUpgradeCheck = 0720;
				ORGANIZATIONNAME = "Open Ephys";
				TargetAttributes = {
					E1F558CF1C9B23370035F88B = {
						CreatedOnToolsVersion = 7.2.1;
					};
				};
			};
			buildConfigurationList = E1F558CB1C9B23370035F88B /* Build configuration list for PBXProject "KWIKFormat" */;
			compatibilityVersion = "Xcode 3.2";
			developmentRegion = English;
			hasScannedForEncodings = 0;
			knownRegions = (
				en,
			);
			mainGroup = E1F558C71C9B23370035F88B;
			productRefGroup = E1F558D11C9B23370035F88B /* Products */;
			projectDirPath = "";
			projectRoot = "";
			targets = (
				E1F558CF1C9B23370035F88B /* KWIKFormat */,
			);
		};
/* End PBXProject section */

/* Begin PBXResourcesBuildPhase section */
		E1F558CE1C9B23370035F88B /* Resources */ = {
			isa = PBXResourcesBuildPhase;
			buildActionMask = 2147483647;
			files = (
			);
			runOnlyForDeploymentPostprocessing = 0;
		};
/* End PBXResourcesBuildPhase section */

/* Begin PBXSourcesBuildPhase section */
		E1F558CC1C9B23370035F88B /* Sources */ = {
			isa = PBXSourcesBuildPhase;
			buildActionMask = 2147483647;
			files = (
				E1F558EA1C9B23AB0035F88B /* OpenEphysLib.cpp in Sources */,
				E1F558EC1C9B23AB0035F88B /* HDF5Recording.cpp in Sources */,
				E1F558E81C9B23AB0035F88B /* KwikFileSource.cpp in Sources */,
				E1F558EB1C9B23AB0035F88B /* KWIKFormat.cpp in Sources */,
			);
			runOnlyForDeploymentPostprocessing = 0;
		};
/* End PBXSourcesBuildPhase section */

/* Begin XCBuildConfiguration section */
		E1F558D41C9B23370035F88B /* Debug */ = {
			isa = XCBuildConfiguration;
			baseConfigurationReference = E1F558DB1C9B23830035F88B /* Plugin_Debug.xcconfig */;
			buildSettings = {
			};
			name = Debug;
		};
		E1F558D51C9B23370035F88B /* Release */ = {
			isa = XCBuildConfiguration;
			baseConfigurationReference = E1F558DC1C9B23830035F88B /* Plugin_Release.xcconfig */;
			buildSettings = {
			};
			name = Release;
		};
		E1F558D71C9B23370035F88B /* Debug */ = {
			isa = XCBuildConfiguration;
			buildSettings = {
				HEADER_SEARCH_PATHS = (
					"$(inherited)",
					"$(MAC_PACKAGE_DIR)/include",
				);
				INFOPLIST_FILE = KWIKFormat/Info.plist;
				LIBRARY_SEARCH_PATHS = (
					"$(CONFIGURATION_BUILD_DIR)/../Frameworks",
					"$(inherited)",
				);
				PRODUCT_BUNDLE_IDENTIFIER = "org.open-ephys.gui.plugin.KWIKFormat";
				PRODUCT_NAME = "$(TARGET_NAME)";
			};
			name = Debug;
		};
		E1F558D81C9B23370035F88B /* Release */ = {
			isa = XCBuildConfiguration;
			buildSettings = {
				HEADER_SEARCH_PATHS = (
					"$(inherited)",
					"$(MAC_PACKAGE_DIR)/include",
				);
				INFOPLIST_FILE = KWIKFormat/Info.plist;
				LIBRARY_SEARCH_PATHS = (
					"$(CONFIGURATION_BUILD_DIR)/../Frameworks",
					"$(inherited)",
				);
				PRODUCT_BUNDLE_IDENTIFIER = "org.open-ephys.gui.plugin.KWIKFormat";
				PRODUCT_NAME = "$(TARGET_NAME)";
			};
			name = Release;
		};
/* End XCBuildConfiguration section */

/* Begin XCConfigurationList section */
		E1F558CB1C9B23370035F88B /* Build configuration list for PBXProject "KWIKFormat" */ = {
			isa = XCConfigurationList;
			buildConfigurations = (
				E1F558D41C9B23370035F88B /* Debug */,
				E1F558D51C9B23370035F88B /* Release */,
			);
			defaultConfigurationIsVisible = 0;
			defaultConfigurationName = Release;
		};
		E1F558D61C9B23370035F88B /* Build configuration list for PBXNativeTarget "KWIKFormat" */ = {
			isa = XCConfigurationList;
			buildConfigurations = (
				E1F558D71C9B23370035F88B /* Debug */,
				E1F558D81C9B23370035F88B /* Release */,
			);
			defaultConfigurationIsVisible = 0;
			defaultConfigurationName = Release;
		};
/* End XCConfigurationList section */
	};
	rootObject = E1F558C81C9B23370035F88B /* Project object */;
}
